# This file is autogenerated, do not edit; changes may be undone by the next 'dep ensure'.


[[projects]]
  branch = "master"
  name = "github.com/faiface/beep"
  packages = [
    ".",
    "speaker"
  ]
  revision = "4ec0906f41871d561558e3e0643f71fb8bf08885"

[[projects]]
  name = "github.com/gobuffalo/packr"
  packages = ["."]
  revision = "6434a292ac52e6964adebfdce3f9ce6d9f16be01"
  version = "v1.10.4"

[[projects]]
  branch = "master"
  name = "github.com/gopherjs/gopherjs"
  packages = ["js"]
  revision = "df18d38287ab2ed3138d564e7c8cbe4d5a249d87"

[[projects]]
  branch = "master"
  name = "github.com/hajimehoshi/oto"
  packages = [
    ".",
    "internal/jni"
  ]
  revision = "91b57df429ab01dd98fd4bf5f46ed87f962a071d"

[[projects]]
  branch = "master"
  name = "github.com/mccoyst/vorbis"
  packages = ["."]
  revision = "06b1a43adb46967795730bf34842f43ab76a84b0"

[[projects]]
  name = "github.com/pkg/errors"
  packages = ["."]
  revision = "645ef00459ed84a119197bfb8d8205042c6df63d"
  version = "v0.8.0"

[solve-meta]
  analyzer-name = "dep"
  analyzer-version = 1
  inputs-digest = "4573edbaef3cc59f70fece2325ec24c9236cec71c64bdad3c39a6326d08a931e"
  solver-name = "gps-cdcl"
  solver-version = 1
